{
  "nodes": {
    "darwin": {
      "inputs": {
        "nixpkgs": [
          "nixpkgs"
        ]
      },
      "locked": {
        "lastModified": 1713492497,
        "narHash": "sha256-FifiHvYmHL7BEOaQorHjHRaW3SJj2qYCdxUmCETAQl4=",
        "owner": "lnl7",
        "repo": "nix-darwin",
        "rev": "eb25dc61a62efcdf47efce6cb17cd5cb3c8f2719",
        "type": "github"
      },
      "original": {
        "owner": "lnl7",
        "ref": "master",
        "repo": "nix-darwin",
        "type": "github"
      }
    },
    "homemanager": {
      "inputs": {
        "nixpkgs": [
          "nixpkgs"
        ]
      },
      "locked": {
        "lastModified": 1713479476,
        "narHash": "sha256-kTww3Hd+R95AB6J+Y1zvXrhUScgMzf0vV5hN6+wFPXE=",
        "owner": "nix-community",
        "repo": "home-manager",
        "rev": "ffc3600f4009ca39b6cb63b24127ca4f93792854",
        "type": "github"
      },
      "original": {
        "owner": "nix-community",
        "repo": "home-manager",
        "type": "github"
      }
    },
    "nixpkgs": {
      "locked": {
        "lastModified": 1713442664,
        "narHash": "sha256-LoExypse3c/uun/39u4bPTN4wejIF7hNsdITZO41qTw=",
        "owner": "nixos",
        "repo": "nixpkgs",
        "rev": "d764f230634fa4f86dc8d01c6af9619c7cc5d225",
        "type": "github"
      },
      "original": {
        "owner": "nixos",
        "ref": "nixpkgs-unstable",
        "repo": "nixpkgs",
        "type": "github"
      }
    },
    "root": {
      "inputs": {
        "darwin": "darwin",
        "homemanager": "homemanager",
        "nixpkgs": "nixpkgs"
      }
    }
  },
  "root": "root",
  "version": 7
}
